// !$*UTF8*$!
{
	archiveVersion = 1;
	classes = {
	};
	objectVersion = 46;
	objects = {

/* Begin PBXBuildFile section */
		0B02FC69191C1B5000125EAF /* addButton.png in Resources */ = {isa = PBXBuildFile; fileRef = 0B02FC68191C1B5000125EAF /* addButton.png */; };
		0B06C4201915ED58009C3D01 /* HomeViewController.m in Sources */ = {isa = PBXBuildFile; fileRef = 0B06C41F1915ED58009C3D01 /* HomeViewController.m */; };
		0B06C4221915ED75009C3D01 /* Firebase.framework in Frameworks */ = {isa = PBXBuildFile; fileRef = 0B06C4211915ED75009C3D01 /* Firebase.framework */; };
		0B06C4241915ED93009C3D01 /* FacebookSDK.framework in Frameworks */ = {isa = PBXBuildFile; fileRef = 0B06C4231915ED93009C3D01 /* FacebookSDK.framework */; };
		0B06C45B191600F6009C3D01 /* ShareViewController.m in Sources */ = {isa = PBXBuildFile; fileRef = 0B06C45A191600F6009C3D01 /* ShareViewController.m */; };
		0B06C45F19160F95009C3D01 /* MobileCoreServices.framework in Frameworks */ = {isa = PBXBuildFile; fileRef = 0B06C45E19160F95009C3D01 /* MobileCoreServices.framework */; };
		0B06C4621916104B009C3D01 /* MediaPlayer.framework in Frameworks */ = {isa = PBXBuildFile; fileRef = 0B06C4611916104B009C3D01 /* MediaPlayer.framework */; };
		0B0E09E8190703B20024C55A /* LoginViewController.m in Sources */ = {isa = PBXBuildFile; fileRef = 0B0E09E7190703B20024C55A /* LoginViewController.m */; };
		0B0E09F11907091D0024C55A /* SystemConfiguration.framework in Frameworks */ = {isa = PBXBuildFile; fileRef = 0B0E09F01907091D0024C55A /* SystemConfiguration.framework */; };
		0B0E09F31907096B0024C55A /* libc++.dylib in Frameworks */ = {isa = PBXBuildFile; fileRef = 0B0E09F21907096B0024C55A /* libc++.dylib */; };
		0B0E09F9190709DD0024C55A /* libicucore.dylib in Frameworks */ = {isa = PBXBuildFile; fileRef = 0B0E09F8190709DD0024C55A /* libicucore.dylib */; };
		0B36E4D1191D8039006D0176 /* MakeItViewController.m in Sources */ = {isa = PBXBuildFile; fileRef = 0B36E4D0191D8039006D0176 /* MakeItViewController.m */; };
		0B36E4D3191D80F6006D0176 /* lemonade.jpg in Resources */ = {isa = PBXBuildFile; fileRef = 0B36E4D2191D80F6006D0176 /* lemonade.jpg */; };
		0B36E4D5191D834C006D0176 /* makeButton.png in Resources */ = {isa = PBXBuildFile; fileRef = 0B36E4D4191D834C006D0176 /* makeButton.png */; };
		0B3B53B419186F2F005B342E /* ListViewController.m in Sources */ = {isa = PBXBuildFile; fileRef = 0B3B53B319186F2F005B342E /* ListViewController.m */; };
		0B3B53EE19188004005B342E /* CategoryViewController.m in Sources */ = {isa = PBXBuildFile; fileRef = 0B3B53ED19188004005B342E /* CategoryViewController.m */; };
		0B3B549119189446005B342E /* coffee.png in Resources */ = {isa = PBXBuildFile; fileRef = 0B3B545B19189445005B342E /* coffee.png */; };
		0B3B549219189446005B342E /* juice.png in Resources */ = {isa = PBXBuildFile; fileRef = 0B3B545C19189445005B342E /* juice.png */; };
		0B3B549519189446005B342E /* refreshers.png in Resources */ = {isa = PBXBuildFile; fileRef = 0B3B545F19189445005B342E /* refreshers.png */; };
		0B3B549619189446005B342E /* shakes.png in Resources */ = {isa = PBXBuildFile; fileRef = 0B3B546019189445005B342E /* shakes.png */; };
		0B3B549719189446005B342E /* sideimages.png in Resources */ = {isa = PBXBuildFile; fileRef = 0B3B546119189445005B342E /* sideimages.png */; };
		0B3B549A19189446005B342E /* coffeeprotein.png in Resources */ = {isa = PBXBuildFile; fileRef = 0B3B546519189445005B342E /* coffeeprotein.png */; };
		0B3B549B19189446005B342E /* lemonade.png in Resources */ = {isa = PBXBuildFile; fileRef = 0B3B546619189445005B342E /* lemonade.png */; };
		0B3B549C19189446005B342E /* seabreeze.png in Resources */ = {isa = PBXBuildFile; fileRef = 0B3B546719189445005B342E /* seabreeze.png */; };
		0B3B549D19189446005B342E /* sexonthebeach.png in Resources */ = {isa = PBXBuildFile; fileRef = 0B3B546819189445005B342E /* sexonthebeach.png */; };
		0B3B549E19189446005B342E /* bluebutton.png in Resources */ = {isa = PBXBuildFile; fileRef = 0B3B546A19189445005B342E /* bluebutton.png */; };
		0B3B549F19189446005B342E /* home-bg.png in Resources */ = {isa = PBXBuildFile; fileRef = 0B3B546B19189445005B342E /* home-bg.png */; };
		0B3B54A019189446005B342E /* coffeeicon.png in Resources */ = {isa = PBXBuildFile; fileRef = 0B3B546D19189445005B342E /* coffeeicon.png */; };
		0B3B54A119189446005B342E /* juiceicon.png in Resources */ = {isa = PBXBuildFile; fileRef = 0B3B546E19189445005B342E /* juiceicon.png */; };
		0B3B54A219189446005B342E /* refreshersicon.png in Resources */ = {isa = PBXBuildFile; fileRef = 0B3B546F19189445005B342E /* refreshersicon.png */; };
		0B3B54A419189446005B342E /* shakesicon.png in Resources */ = {isa = PBXBuildFile; fileRef = 0B3B547119189445005B342E /* shakesicon.png */; };
		0B3B54A519189446005B342E /* bg.png in Resources */ = {isa = PBXBuildFile; fileRef = 0B3B547319189445005B342E /* bg.png */; };
		0B3B54A619189446005B342E /* facebook-login.png in Resources */ = {isa = PBXBuildFile; fileRef = 0B3B547419189445005B342E /* facebook-login.png */; };
		0B3B54A719189446005B342E /* login-picture.png in Resources */ = {isa = PBXBuildFile; fileRef = 0B3B547519189445005B342E /* login-picture.png */; };
		0B3B54A819189446005B342E /* logo.png in Resources */ = {isa = PBXBuildFile; fileRef = 0B3B547619189445005B342E /* logo.png */; };
		0B3B54A919189446005B342E /* twitter-login.png in Resources */ = {isa = PBXBuildFile; fileRef = 0B3B547719189445005B342E /* twitter-login.png */; };
		0B3B54AA19189446005B342E /* cup-disabled.png in Resources */ = {isa = PBXBuildFile; fileRef = 0B3B547919189445005B342E /* cup-disabled.png */; };
		0B3B54AB19189446005B342E /* cup.png in Resources */ = {isa = PBXBuildFile; fileRef = 0B3B547A19189445005B342E /* cup.png */; };
		0B3B54AC19189446005B342E /* navbar.png in Resources */ = {isa = PBXBuildFile; fileRef = 0B3B547B19189445005B342E /* navbar.png */; };
		0B3B54AD19189446005B342E /* navlogo-disabled.png in Resources */ = {isa = PBXBuildFile; fileRef = 0B3B547C19189445005B342E /* navlogo-disabled.png */; };
		0B3B54AE19189446005B342E /* navlogo.png in Resources */ = {isa = PBXBuildFile; fileRef = 0B3B547D19189445005B342E /* navlogo.png */; };
		0B3B54AF19189446005B342E /* tinycup.png in Resources */ = {isa = PBXBuildFile; fileRef = 0B3B547E19189445005B342E /* tinycup.png */; };
		0B3B54B019189446005B342E /* tinyworld.png in Resources */ = {isa = PBXBuildFile; fileRef = 0B3B547F19189445005B342E /* tinyworld.png */; };
		0B3B54B119189446005B342E /* world-disabled.png in Resources */ = {isa = PBXBuildFile; fileRef = 0B3B548019189445005B342E /* world-disabled.png */; };
		0B3B54B219189446005B342E /* world.png in Resources */ = {isa = PBXBuildFile; fileRef = 0B3B548119189445005B342E /* world.png */; };
		0B3B54B319189446005B342E /* profile.png in Resources */ = {isa = PBXBuildFile; fileRef = 0B3B548219189445005B342E /* profile.png */; };
		0B3B54B419189446005B342E /* search.png in Resources */ = {isa = PBXBuildFile; fileRef = 0B3B548319189446005B342E /* search.png */; };
		0B3B54B519189446005B342E /* addcamera.png in Resources */ = {isa = PBXBuildFile; fileRef = 0B3B548519189446005B342E /* addcamera.png */; };
		0B3B54B619189446005B342E /* addingredient.png in Resources */ = {isa = PBXBuildFile; fileRef = 0B3B548619189446005B342E /* addingredient.png */; };
		0B3B54B719189446005B342E /* line.png in Resources */ = {isa = PBXBuildFile; fileRef = 0B3B548719189446005B342E /* line.png */; };
		0B3B54B819189446005B342E /* sharebutton.png in Resources */ = {isa = PBXBuildFile; fileRef = 0B3B548819189446005B342E /* sharebutton.png */; };
		0B3B54B919189446005B342E /* sidebar.png in Resources */ = {isa = PBXBuildFile; fileRef = 0B3B548919189446005B342E /* sidebar.png */; };
		0B3B54BA19189446005B342E /* categories.png in Resources */ = {isa = PBXBuildFile; fileRef = 0B3B548B19189446005B342E /* categories.png */; };
		0B3B54BB19189446005B342E /* home.png in Resources */ = {isa = PBXBuildFile; fileRef = 0B3B548C19189446005B342E /* home.png */; };
		0B3B54BC19189446005B342E /* login.png in Resources */ = {isa = PBXBuildFile; fileRef = 0B3B548D19189446005B342E /* login.png */; };
		0B3B54BD19189446005B342E /* share.png in Resources */ = {isa = PBXBuildFile; fileRef = 0B3B548E19189446005B342E /* share.png */; };
		0B3B54BE19189446005B342E /* tinysearch.png in Resources */ = {isa = PBXBuildFile; fileRef = 0B3B548F19189446005B342E /* tinysearch.png */; };
		0BED069F18F236D600E04A6C /* Foundation.framework in Frameworks */ = {isa = PBXBuildFile; fileRef = 0BED069E18F236D600E04A6C /* Foundation.framework */; };
		0BED06A118F236D600E04A6C /* CoreGraphics.framework in Frameworks */ = {isa = PBXBuildFile; fileRef = 0BED06A018F236D600E04A6C /* CoreGraphics.framework */; };
		0BED06A318F236D600E04A6C /* UIKit.framework in Frameworks */ = {isa = PBXBuildFile; fileRef = 0BED06A218F236D600E04A6C /* UIKit.framework */; };
		0BED06A918F236D600E04A6C /* InfoPlist.strings in Resources */ = {isa = PBXBuildFile; fileRef = 0BED06A718F236D600E04A6C /* InfoPlist.strings */; };
		0BED06AB18F236D600E04A6C /* main.m in Sources */ = {isa = PBXBuildFile; fileRef = 0BED06AA18F236D600E04A6C /* main.m */; };
		0BED06AF18F236D600E04A6C /* AppDelegate.m in Sources */ = {isa = PBXBuildFile; fileRef = 0BED06AE18F236D600E04A6C /* AppDelegate.m */; };
		0BED06B118F236D600E04A6C /* Images.xcassets in Resources */ = {isa = PBXBuildFile; fileRef = 0BED06B018F236D600E04A6C /* Images.xcassets */; };
		0BED06B818F236D600E04A6C /* XCTest.framework in Frameworks */ = {isa = PBXBuildFile; fileRef = 0BED06B718F236D600E04A6C /* XCTest.framework */; };
		0BED06B918F236D600E04A6C /* Foundation.framework in Frameworks */ = {isa = PBXBuildFile; fileRef = 0BED069E18F236D600E04A6C /* Foundation.framework */; };
		0BED06BA18F236D600E04A6C /* UIKit.framework in Frameworks */ = {isa = PBXBuildFile; fileRef = 0BED06A218F236D600E04A6C /* UIKit.framework */; };
		0BED06C218F236D600E04A6C /* InfoPlist.strings in Resources */ = {isa = PBXBuildFile; fileRef = 0BED06C018F236D600E04A6C /* InfoPlist.strings */; };
		0BED06C418F236D600E04A6C /* Drink_MixerTests.m in Sources */ = {isa = PBXBuildFile; fileRef = 0BED06C318F236D600E04A6C /* Drink_MixerTests.m */; };
/* End PBXBuildFile section */

/* Begin PBXContainerItemProxy section */
		0BED06BB18F236D600E04A6C /* PBXContainerItemProxy */ = {
			isa = PBXContainerItemProxy;
			containerPortal = 0BED069318F236D600E04A6C /* Project object */;
			proxyType = 1;
			remoteGlobalIDString = 0BED069A18F236D600E04A6C;
			remoteInfo = "Drink Mixer";
		};
/* End PBXContainerItemProxy section */

/* Begin PBXFileReference section */
		0B02FC68191C1B5000125EAF /* addButton.png */ = {isa = PBXFileReference; lastKnownFileType = image.png; path = addButton.png; sourceTree = "<group>"; };
		0B06C41E1915ED58009C3D01 /* HomeViewController.h */ = {isa = PBXFileReference; fileEncoding = 4; lastKnownFileType = sourcecode.c.h; path = HomeViewController.h; sourceTree = "<group>"; };
		0B06C41F1915ED58009C3D01 /* HomeViewController.m */ = {isa = PBXFileReference; fileEncoding = 4; lastKnownFileType = sourcecode.c.objc; path = HomeViewController.m; sourceTree = "<group>"; };
		0B06C4211915ED75009C3D01 /* Firebase.framework */ = {isa = PBXFileReference; lastKnownFileType = wrapper.framework; name = Firebase.framework; path = ../../../Dropbox/Development/Firebase.framework; sourceTree = "<group>"; };
		0B06C4231915ED93009C3D01 /* FacebookSDK.framework */ = {isa = PBXFileReference; lastKnownFileType = wrapper.framework; name = FacebookSDK.framework; path = ../../../Dropbox/Development/FacebookSDK/FacebookSDK.framework; sourceTree = "<group>"; };
		0B06C459191600F6009C3D01 /* ShareViewController.h */ = {isa = PBXFileReference; fileEncoding = 4; lastKnownFileType = sourcecode.c.h; path = ShareViewController.h; sourceTree = "<group>"; };
		0B06C45A191600F6009C3D01 /* ShareViewController.m */ = {isa = PBXFileReference; fileEncoding = 4; lastKnownFileType = sourcecode.c.objc; path = ShareViewController.m; sourceTree = "<group>"; };
		0B06C45C19160E34009C3D01 /* AVFoundation.framework */ = {isa = PBXFileReference; lastKnownFileType = wrapper.framework; name = AVFoundation.framework; path = System/Library/Frameworks/AVFoundation.framework; sourceTree = SDKROOT; };
		0B06C45E19160F95009C3D01 /* MobileCoreServices.framework */ = {isa = PBXFileReference; lastKnownFileType = wrapper.framework; name = MobileCoreServices.framework; path = System/Library/Frameworks/MobileCoreServices.framework; sourceTree = SDKROOT; };
		0B06C4611916104B009C3D01 /* MediaPlayer.framework */ = {isa = PBXFileReference; lastKnownFileType = wrapper.framework; name = MediaPlayer.framework; path = System/Library/Frameworks/MediaPlayer.framework; sourceTree = SDKROOT; };
		0B0E09E6190703B20024C55A /* LoginViewController.h */ = {isa = PBXFileReference; fileEncoding = 4; lastKnownFileType = sourcecode.c.h; path = LoginViewController.h; sourceTree = "<group>"; };
		0B0E09E7190703B20024C55A /* LoginViewController.m */ = {isa = PBXFileReference; fileEncoding = 4; lastKnownFileType = sourcecode.c.objc; path = LoginViewController.m; sourceTree = "<group>"; };
		0B0E09E9190704210024C55A /* FacebookSDK.framework */ = {isa = PBXFileReference; lastKnownFileType = wrapper.framework; name = FacebookSDK.framework; path = ../../../Development/FacebookSDK/FacebookSDK.framework; sourceTree = "<group>"; };
		0B0E09EE1907064B0024C55A /* Firebase.framework */ = {isa = PBXFileReference; lastKnownFileType = wrapper.framework; name = Firebase.framework; path = ../../../Development/Firebase.framework; sourceTree = "<group>"; };
		0B0E09F01907091D0024C55A /* SystemConfiguration.framework */ = {isa = PBXFileReference; lastKnownFileType = wrapper.framework; name = SystemConfiguration.framework; path = System/Library/Frameworks/SystemConfiguration.framework; sourceTree = SDKROOT; };
		0B0E09F21907096B0024C55A /* libc++.dylib */ = {isa = PBXFileReference; lastKnownFileType = "compiled.mach-o.dylib"; name = "libc++.dylib"; path = "usr/lib/libc++.dylib"; sourceTree = SDKROOT; };
		0B0E09F4190709B60024C55A /* Security.framework */ = {isa = PBXFileReference; lastKnownFileType = wrapper.framework; name = Security.framework; path = System/Library/Frameworks/Security.framework; sourceTree = SDKROOT; };
		0B0E09F6190709C40024C55A /* CFNetwork.framework */ = {isa = PBXFileReference; lastKnownFileType = wrapper.framework; name = CFNetwork.framework; path = System/Library/Frameworks/CFNetwork.framework; sourceTree = SDKROOT; };
		0B0E09F8190709DD0024C55A /* libicucore.dylib */ = {isa = PBXFileReference; lastKnownFileType = "compiled.mach-o.dylib"; name = libicucore.dylib; path = usr/lib/libicucore.dylib; sourceTree = SDKROOT; };
		0B36E4CF191D8039006D0176 /* MakeItViewController.h */ = {isa = PBXFileReference; fileEncoding = 4; lastKnownFileType = sourcecode.c.h; path = MakeItViewController.h; sourceTree = "<group>"; };
		0B36E4D0191D8039006D0176 /* MakeItViewController.m */ = {isa = PBXFileReference; fileEncoding = 4; lastKnownFileType = sourcecode.c.objc; path = MakeItViewController.m; sourceTree = "<group>"; };
		0B36E4D2191D80F6006D0176 /* lemonade.jpg */ = {isa = PBXFileReference; lastKnownFileType = image.jpeg; path = lemonade.jpg; sourceTree = "<group>"; };
		0B36E4D4191D834C006D0176 /* makeButton.png */ = {isa = PBXFileReference; lastKnownFileType = image.png; path = makeButton.png; sourceTree = "<group>"; };
		0B3B53B219186F2F005B342E /* ListViewController.h */ = {isa = PBXFileReference; fileEncoding = 4; lastKnownFileType = sourcecode.c.h; path = ListViewController.h; sourceTree = "<group>"; };
		0B3B53B319186F2F005B342E /* ListViewController.m */ = {isa = PBXFileReference; fileEncoding = 4; lastKnownFileType = sourcecode.c.objc; path = ListViewController.m; sourceTree = "<group>"; };
		0B3B53EC19188004005B342E /* CategoryViewController.h */ = {isa = PBXFileReference; fileEncoding = 4; lastKnownFileType = sourcecode.c.h; path = CategoryViewController.h; sourceTree = "<group>"; };
		0B3B53ED19188004005B342E /* CategoryViewController.m */ = {isa = PBXFileReference; fileEncoding = 4; lastKnownFileType = sourcecode.c.objc; path = CategoryViewController.m; sourceTree = "<group>"; };
		0B3B545B19189445005B342E /* coffee.png */ = {isa = PBXFileReference; lastKnownFileType = image.png; path = coffee.png; sourceTree = "<group>"; };
		0B3B545C19189445005B342E /* juice.png */ = {isa = PBXFileReference; lastKnownFileType = image.png; path = juice.png; sourceTree = "<group>"; };
		0B3B545F19189445005B342E /* refreshers.png */ = {isa = PBXFileReference; lastKnownFileType = image.png; path = refreshers.png; sourceTree = "<group>"; };
		0B3B546019189445005B342E /* shakes.png */ = {isa = PBXFileReference; lastKnownFileType = image.png; path = shakes.png; sourceTree = "<group>"; };
		0B3B546119189445005B342E /* sideimages.png */ = {isa = PBXFileReference; lastKnownFileType = image.png; path = sideimages.png; sourceTree = "<group>"; };
		0B3B546519189445005B342E /* coffeeprotein.png */ = {isa = PBXFileReference; lastKnownFileType = image.png; path = coffeeprotein.png; sourceTree = "<group>"; };
		0B3B546619189445005B342E /* lemonade.png */ = {isa = PBXFileReference; lastKnownFileType = image.png; path = lemonade.png; sourceTree = "<group>"; };
		0B3B546719189445005B342E /* seabreeze.png */ = {isa = PBXFileReference; lastKnownFileType = image.png; path = seabreeze.png; sourceTree = "<group>"; };
		0B3B546819189445005B342E /* sexonthebeach.png */ = {isa = PBXFileReference; lastKnownFileType = image.png; path = sexonthebeach.png; sourceTree = "<group>"; };
		0B3B546A19189445005B342E /* bluebutton.png */ = {isa = PBXFileReference; lastKnownFileType = image.png; path = bluebutton.png; sourceTree = "<group>"; };
		0B3B546B19189445005B342E /* home-bg.png */ = {isa = PBXFileReference; lastKnownFileType = image.png; path = "home-bg.png"; sourceTree = "<group>"; };
		0B3B546D19189445005B342E /* coffeeicon.png */ = {isa = PBXFileReference; lastKnownFileType = image.png; path = coffeeicon.png; sourceTree = "<group>"; };
		0B3B546E19189445005B342E /* juiceicon.png */ = {isa = PBXFileReference; lastKnownFileType = image.png; path = juiceicon.png; sourceTree = "<group>"; };
		0B3B546F19189445005B342E /* refreshersicon.png */ = {isa = PBXFileReference; lastKnownFileType = image.png; path = refreshersicon.png; sourceTree = "<group>"; };
		0B3B547119189445005B342E /* shakesicon.png */ = {isa = PBXFileReference; lastKnownFileType = image.png; path = shakesicon.png; sourceTree = "<group>"; };
		0B3B547319189445005B342E /* bg.png */ = {isa = PBXFileReference; lastKnownFileType = image.png; path = bg.png; sourceTree = "<group>"; };
		0B3B547419189445005B342E /* facebook-login.png */ = {isa = PBXFileReference; lastKnownFileType = image.png; path = "facebook-login.png"; sourceTree = "<group>"; };
		0B3B547519189445005B342E /* login-picture.png */ = {isa = PBXFileReference; lastKnownFileType = image.png; path = "login-picture.png"; sourceTree = "<group>"; };
		0B3B547619189445005B342E /* logo.png */ = {isa = PBXFileReference; lastKnownFileType = image.png; path = logo.png; sourceTree = "<group>"; };
		0B3B547719189445005B342E /* twitter-login.png */ = {isa = PBXFileReference; lastKnownFileType = image.png; path = "twitter-login.png"; sourceTree = "<group>"; };
		0B3B547919189445005B342E /* cup-disabled.png */ = {isa = PBXFileReference; lastKnownFileType = image.png; path = "cup-disabled.png"; sourceTree = "<group>"; };
		0B3B547A19189445005B342E /* cup.png */ = {isa = PBXFileReference; lastKnownFileType = image.png; path = cup.png; sourceTree = "<group>"; };
		0B3B547B19189445005B342E /* navbar.png */ = {isa = PBXFileReference; lastKnownFileType = image.png; path = navbar.png; sourceTree = "<group>"; };
		0B3B547C19189445005B342E /* navlogo-disabled.png */ = {isa = PBXFileReference; lastKnownFileType = image.png; path = "navlogo-disabled.png"; sourceTree = "<group>"; };
		0B3B547D19189445005B342E /* navlogo.png */ = {isa = PBXFileReference; lastKnownFileType = image.png; path = navlogo.png; sourceTree = "<group>"; };
		0B3B547E19189445005B342E /* tinycup.png */ = {isa = PBXFileReference; lastKnownFileType = image.png; path = tinycup.png; sourceTree = "<group>"; };
		0B3B547F19189445005B342E /* tinyworld.png */ = {isa = PBXFileReference; lastKnownFileType = image.png; path = tinyworld.png; sourceTree = "<group>"; };
		0B3B548019189445005B342E /* world-disabled.png */ = {isa = PBXFileReference; lastKnownFileType = image.png; path = "world-disabled.png"; sourceTree = "<group>"; };
		0B3B548119189445005B342E /* world.png */ = {isa = PBXFileReference; lastKnownFileType = image.png; path = world.png; sourceTree = "<group>"; };
		0B3B548219189445005B342E /* profile.png */ = {isa = PBXFileReference; lastKnownFileType = image.png; path = profile.png; sourceTree = "<group>"; };
		0B3B548319189446005B342E /* search.png */ = {isa = PBXFileReference; lastKnownFileType = image.png; path = search.png; sourceTree = "<group>"; };
		0B3B548519189446005B342E /* addcamera.png */ = {isa = PBXFileReference; lastKnownFileType = image.png; path = addcamera.png; sourceTree = "<group>"; };
		0B3B548619189446005B342E /* addingredient.png */ = {isa = PBXFileReference; lastKnownFileType = image.png; path = addingredient.png; sourceTree = "<group>"; };
		0B3B548719189446005B342E /* line.png */ = {isa = PBXFileReference; lastKnownFileType = image.png; path = line.png; sourceTree = "<group>"; };
		0B3B548819189446005B342E /* sharebutton.png */ = {isa = PBXFileReference; lastKnownFileType = image.png; path = sharebutton.png; sourceTree = "<group>"; };
		0B3B548919189446005B342E /* sidebar.png */ = {isa = PBXFileReference; lastKnownFileType = image.png; path = sidebar.png; sourceTree = "<group>"; };
		0B3B548B19189446005B342E /* categories.png */ = {isa = PBXFileReference; lastKnownFileType = image.png; path = categories.png; sourceTree = "<group>"; };
		0B3B548C19189446005B342E /* home.png */ = {isa = PBXFileReference; lastKnownFileType = image.png; path = home.png; sourceTree = "<group>"; };
		0B3B548D19189446005B342E /* login.png */ = {isa = PBXFileReference; lastKnownFileType = image.png; path = login.png; sourceTree = "<group>"; };
		0B3B548E19189446005B342E /* share.png */ = {isa = PBXFileReference; lastKnownFileType = image.png; path = share.png; sourceTree = "<group>"; };
		0B3B548F19189446005B342E /* tinysearch.png */ = {isa = PBXFileReference; lastKnownFileType = image.png; path = tinysearch.png; sourceTree = "<group>"; };
		0BED069B18F236D600E04A6C /* Drink Mixer.app */ = {isa = PBXFileReference; explicitFileType = wrapper.application; includeInIndex = 0; path = "Drink Mixer.app"; sourceTree = BUILT_PRODUCTS_DIR; };
		0BED069E18F236D600E04A6C /* Foundation.framework */ = {isa = PBXFileReference; lastKnownFileType = wrapper.framework; name = Foundation.framework; path = System/Library/Frameworks/Foundation.framework; sourceTree = SDKROOT; };
		0BED06A018F236D600E04A6C /* CoreGraphics.framework */ = {isa = PBXFileReference; lastKnownFileType = wrapper.framework; name = CoreGraphics.framework; path = System/Library/Frameworks/CoreGraphics.framework; sourceTree = SDKROOT; };
		0BED06A218F236D600E04A6C /* UIKit.framework */ = {isa = PBXFileReference; lastKnownFileType = wrapper.framework; name = UIKit.framework; path = System/Library/Frameworks/UIKit.framework; sourceTree = SDKROOT; };
		0BED06A618F236D600E04A6C /* Drink Mixer-Info.plist */ = {isa = PBXFileReference; lastKnownFileType = text.plist.xml; path = "Drink Mixer-Info.plist"; sourceTree = "<group>"; };
		0BED06A818F236D600E04A6C /* en */ = {isa = PBXFileReference; lastKnownFileType = text.plist.strings; name = en; path = en.lproj/InfoPlist.strings; sourceTree = "<group>"; };
		0BED06AA18F236D600E04A6C /* main.m */ = {isa = PBXFileReference; lastKnownFileType = sourcecode.c.objc; path = main.m; sourceTree = "<group>"; };
		0BED06AC18F236D600E04A6C /* Drink Mixer-Prefix.pch */ = {isa = PBXFileReference; lastKnownFileType = sourcecode.c.h; path = "Drink Mixer-Prefix.pch"; sourceTree = "<group>"; };
		0BED06AD18F236D600E04A6C /* AppDelegate.h */ = {isa = PBXFileReference; lastKnownFileType = sourcecode.c.h; path = AppDelegate.h; sourceTree = "<group>"; };
		0BED06AE18F236D600E04A6C /* AppDelegate.m */ = {isa = PBXFileReference; lastKnownFileType = sourcecode.c.objc; path = AppDelegate.m; sourceTree = "<group>"; };
		0BED06B018F236D600E04A6C /* Images.xcassets */ = {isa = PBXFileReference; lastKnownFileType = folder.assetcatalog; path = Images.xcassets; sourceTree = "<group>"; };
		0BED06B618F236D600E04A6C /* Drink MixerTests.xctest */ = {isa = PBXFileReference; explicitFileType = wrapper.cfbundle; includeInIndex = 0; path = "Drink MixerTests.xctest"; sourceTree = BUILT_PRODUCTS_DIR; };
		0BED06B718F236D600E04A6C /* XCTest.framework */ = {isa = PBXFileReference; lastKnownFileType = wrapper.framework; name = XCTest.framework; path = Library/Frameworks/XCTest.framework; sourceTree = DEVELOPER_DIR; };
		0BED06BF18F236D600E04A6C /* Drink MixerTests-Info.plist */ = {isa = PBXFileReference; lastKnownFileType = text.plist.xml; path = "Drink MixerTests-Info.plist"; sourceTree = "<group>"; };
		0BED06C118F236D600E04A6C /* en */ = {isa = PBXFileReference; lastKnownFileType = text.plist.strings; name = en; path = en.lproj/InfoPlist.strings; sourceTree = "<group>"; };
		0BED06C318F236D600E04A6C /* Drink_MixerTests.m */ = {isa = PBXFileReference; lastKnownFileType = sourcecode.c.objc; path = Drink_MixerTests.m; sourceTree = "<group>"; };
/* End PBXFileReference section */

/* Begin PBXFrameworksBuildPhase section */
		0BED069818F236D600E04A6C /* Frameworks */ = {
			isa = PBXFrameworksBuildPhase;
			buildActionMask = 2147483647;
			files = (
				0B06C4621916104B009C3D01 /* MediaPlayer.framework in Frameworks */,
				0B06C45F19160F95009C3D01 /* MobileCoreServices.framework in Frameworks */,
				0B06C4241915ED93009C3D01 /* FacebookSDK.framework in Frameworks */,
				0B06C4221915ED75009C3D01 /* Firebase.framework in Frameworks */,
				0B0E09F9190709DD0024C55A /* libicucore.dylib in Frameworks */,
				0B0E09F31907096B0024C55A /* libc++.dylib in Frameworks */,
				0B0E09F11907091D0024C55A /* SystemConfiguration.framework in Frameworks */,
				0BED06A118F236D600E04A6C /* CoreGraphics.framework in Frameworks */,
				0BED06A318F236D600E04A6C /* UIKit.framework in Frameworks */,
				0BED069F18F236D600E04A6C /* Foundation.framework in Frameworks */,
			);
			runOnlyForDeploymentPostprocessing = 0;
		};
		0BED06B318F236D600E04A6C /* Frameworks */ = {
			isa = PBXFrameworksBuildPhase;
			buildActionMask = 2147483647;
			files = (
				0BED06B818F236D600E04A6C /* XCTest.framework in Frameworks */,
				0BED06BA18F236D600E04A6C /* UIKit.framework in Frameworks */,
				0BED06B918F236D600E04A6C /* Foundation.framework in Frameworks */,
			);
			runOnlyForDeploymentPostprocessing = 0;
		};
/* End PBXFrameworksBuildPhase section */

/* Begin PBXGroup section */
		0B3B545819189445005B342E /* images */ = {
			isa = PBXGroup;
			children = (
				0B36E4D4191D834C006D0176 /* makeButton.png */,
				0B36E4D2191D80F6006D0176 /* lemonade.jpg */,
				0B02FC68191C1B5000125EAF /* addButton.png */,
				0B3B545919189445005B342E /* categories */,
				0B3B546419189445005B342E /* drinks */,
				0B3B546919189445005B342E /* general */,
				0B3B546B19189445005B342E /* home-bg.png */,
				0B3B546C19189445005B342E /* listview */,
				0B3B547219189445005B342E /* login */,
				0B3B547819189445005B342E /* nav bar */,
				0B3B548219189445005B342E /* profile.png */,
				0B3B548319189446005B342E /* search.png */,
				0B3B548419189446005B342E /* share screen */,
				0B3B548919189446005B342E /* sidebar.png */,
				0B3B548A19189446005B342E /* storyboard */,
				0B3B548F19189446005B342E /* tinysearch.png */,
			);
			path = images;
			sourceTree = SOURCE_ROOT;
		};
		0B3B545919189445005B342E /* categories */ = {
			isa = PBXGroup;
			children = (
				0B3B545B19189445005B342E /* coffee.png */,
				0B3B545C19189445005B342E /* juice.png */,
				0B3B545F19189445005B342E /* refreshers.png */,
				0B3B546019189445005B342E /* shakes.png */,
				0B3B546119189445005B342E /* sideimages.png */,
			);
			path = categories;
			sourceTree = "<group>";
		};
		0B3B546419189445005B342E /* drinks */ = {
			isa = PBXGroup;
			children = (
				0B3B546519189445005B342E /* coffeeprotein.png */,
				0B3B546619189445005B342E /* lemonade.png */,
				0B3B546719189445005B342E /* seabreeze.png */,
				0B3B546819189445005B342E /* sexonthebeach.png */,
			);
			path = drinks;
			sourceTree = "<group>";
		};
		0B3B546919189445005B342E /* general */ = {
			isa = PBXGroup;
			children = (
				0B3B546A19189445005B342E /* bluebutton.png */,
			);
			path = general;
			sourceTree = "<group>";
		};
		0B3B546C19189445005B342E /* listview */ = {
			isa = PBXGroup;
			children = (
				0B3B546D19189445005B342E /* coffeeicon.png */,
				0B3B546E19189445005B342E /* juiceicon.png */,
				0B3B546F19189445005B342E /* refreshersicon.png */,
				0B3B547119189445005B342E /* shakesicon.png */,
			);
			path = listview;
			sourceTree = "<group>";
		};
		0B3B547219189445005B342E /* login */ = {
			isa = PBXGroup;
			children = (
				0B3B547319189445005B342E /* bg.png */,
				0B3B547419189445005B342E /* facebook-login.png */,
				0B3B547519189445005B342E /* login-picture.png */,
				0B3B547619189445005B342E /* logo.png */,
				0B3B547719189445005B342E /* twitter-login.png */,
			);
			path = login;
			sourceTree = "<group>";
		};
		0B3B547819189445005B342E /* nav bar */ = {
			isa = PBXGroup;
			children = (
				0B3B547919189445005B342E /* cup-disabled.png */,
				0B3B547A19189445005B342E /* cup.png */,
				0B3B547B19189445005B342E /* navbar.png */,
				0B3B547C19189445005B342E /* navlogo-disabled.png */,
				0B3B547D19189445005B342E /* navlogo.png */,
				0B3B547E19189445005B342E /* tinycup.png */,
				0B3B547F19189445005B342E /* tinyworld.png */,
				0B3B548019189445005B342E /* world-disabled.png */,
				0B3B548119189445005B342E /* world.png */,
			);
			path = "nav bar";
			sourceTree = "<group>";
		};
		0B3B548419189446005B342E /* share screen */ = {
			isa = PBXGroup;
			children = (
				0B3B548519189446005B342E /* addcamera.png */,
				0B3B548619189446005B342E /* addingredient.png */,
				0B3B548719189446005B342E /* line.png */,
				0B3B548819189446005B342E /* sharebutton.png */,
			);
			path = "share screen";
			sourceTree = "<group>";
		};
		0B3B548A19189446005B342E /* storyboard */ = {
			isa = PBXGroup;
			children = (
				0B3B548B19189446005B342E /* categories.png */,
				0B3B548C19189446005B342E /* home.png */,
				0B3B548D19189446005B342E /* login.png */,
				0B3B548E19189446005B342E /* share.png */,
			);
			path = storyboard;
			sourceTree = "<group>";
		};
		0BED069218F236D600E04A6C = {
			isa = PBXGroup;
			children = (
				0BED06A418F236D600E04A6C /* Drink Mixer */,
				0BED06BD18F236D600E04A6C /* Drink MixerTests */,
				0BED069D18F236D600E04A6C /* Frameworks */,
				0BED069C18F236D600E04A6C /* Products */,
			);
			sourceTree = "<group>";
		};
		0BED069C18F236D600E04A6C /* Products */ = {
			isa = PBXGroup;
			children = (
				0BED069B18F236D600E04A6C /* Drink Mixer.app */,
				0BED06B618F236D600E04A6C /* Drink MixerTests.xctest */,
			);
			name = Products;
			sourceTree = "<group>";
		};
		0BED069D18F236D600E04A6C /* Frameworks */ = {
			isa = PBXGroup;
			children = (
				0B06C4611916104B009C3D01 /* MediaPlayer.framework */,
				0B06C45E19160F95009C3D01 /* MobileCoreServices.framework */,
				0B06C45C19160E34009C3D01 /* AVFoundation.framework */,
				0B06C4231915ED93009C3D01 /* FacebookSDK.framework */,
				0B06C4211915ED75009C3D01 /* Firebase.framework */,
				0B0E09F8190709DD0024C55A /* libicucore.dylib */,
				0B0E09F6190709C40024C55A /* CFNetwork.framework */,
				0B0E09F4190709B60024C55A /* Security.framework */,
				0B0E09F21907096B0024C55A /* libc++.dylib */,
				0B0E09F01907091D0024C55A /* SystemConfiguration.framework */,
				0B0E09EE1907064B0024C55A /* Firebase.framework */,
				0B0E09E9190704210024C55A /* FacebookSDK.framework */,
				0BED069E18F236D600E04A6C /* Foundation.framework */,
				0BED06A018F236D600E04A6C /* CoreGraphics.framework */,
				0BED06A218F236D600E04A6C /* UIKit.framework */,
				0BED06B718F236D600E04A6C /* XCTest.framework */,
			);
			name = Frameworks;
			sourceTree = "<group>";
		};
		0BED06A418F236D600E04A6C /* Drink Mixer */ = {
			isa = PBXGroup;
			children = (
				0B06C41E1915ED58009C3D01 /* HomeViewController.h */,
				0B06C41F1915ED58009C3D01 /* HomeViewController.m */,
				0BED06AD18F236D600E04A6C /* AppDelegate.h */,
				0BED06AE18F236D600E04A6C /* AppDelegate.m */,
				0B3B53EC19188004005B342E /* CategoryViewController.h */,
				0B3B53ED19188004005B342E /* CategoryViewController.m */,
				0B3B53B219186F2F005B342E /* ListViewController.h */,
				0B3B53B319186F2F005B342E /* ListViewController.m */,
				0B06C459191600F6009C3D01 /* ShareViewController.h */,
				0B06C45A191600F6009C3D01 /* ShareViewController.m */,
				0BED06B018F236D600E04A6C /* Images.xcassets */,
				0B36E4CF191D8039006D0176 /* MakeItViewController.h */,
				0B36E4D0191D8039006D0176 /* MakeItViewController.m */,
				0B0E09E6190703B20024C55A /* LoginViewController.h */,
				0B0E09E7190703B20024C55A /* LoginViewController.m */,
				0B3B545819189445005B342E /* images */,
				0BED06A518F236D600E04A6C /* Supporting Files */,
			);
			path = "Drink Mixer";
			sourceTree = "<group>";
		};
		0BED06A518F236D600E04A6C /* Supporting Files */ = {
			isa = PBXGroup;
			children = (
				0BED06A618F236D600E04A6C /* Drink Mixer-Info.plist */,
				0BED06A718F236D600E04A6C /* InfoPlist.strings */,
				0BED06AA18F236D600E04A6C /* main.m */,
				0BED06AC18F236D600E04A6C /* Drink Mixer-Prefix.pch */,
			);
			name = "Supporting Files";
			sourceTree = "<group>";
		};
		0BED06BD18F236D600E04A6C /* Drink MixerTests */ = {
			isa = PBXGroup;
			children = (
				0BED06C318F236D600E04A6C /* Drink_MixerTests.m */,
				0BED06BE18F236D600E04A6C /* Supporting Files */,
			);
			path = "Drink MixerTests";
			sourceTree = "<group>";
		};
		0BED06BE18F236D600E04A6C /* Supporting Files */ = {
			isa = PBXGroup;
			children = (
				0BED06BF18F236D600E04A6C /* Drink MixerTests-Info.plist */,
				0BED06C018F236D600E04A6C /* InfoPlist.strings */,
			);
			name = "Supporting Files";
			sourceTree = "<group>";
		};
/* End PBXGroup section */

/* Begin PBXNativeTarget section */
		0BED069A18F236D600E04A6C /* Drink Mixer */ = {
			isa = PBXNativeTarget;
			buildConfigurationList = 0BED06C718F236D600E04A6C /* Build configuration list for PBXNativeTarget "Drink Mixer" */;
			buildPhases = (
				0BED069718F236D600E04A6C /* Sources */,
				0BED069818F236D600E04A6C /* Frameworks */,
				0BED069918F236D600E04A6C /* Resources */,
			);
			buildRules = (
			);
			dependencies = (
			);
			name = "Drink Mixer";
			productName = "Drink Mixer";
			productReference = 0BED069B18F236D600E04A6C /* Drink Mixer.app */;
			productType = "com.apple.product-type.application";
		};
		0BED06B518F236D600E04A6C /* Drink MixerTests */ = {
			isa = PBXNativeTarget;
			buildConfigurationList = 0BED06CA18F236D600E04A6C /* Build configuration list for PBXNativeTarget "Drink MixerTests" */;
			buildPhases = (
				0BED06B218F236D600E04A6C /* Sources */,
				0BED06B318F236D600E04A6C /* Frameworks */,
				0BED06B418F236D600E04A6C /* Resources */,
			);
			buildRules = (
			);
			dependencies = (
				0BED06BC18F236D600E04A6C /* PBXTargetDependency */,
			);
			name = "Drink MixerTests";
			productName = "Drink MixerTests";
			productReference = 0BED06B618F236D600E04A6C /* Drink MixerTests.xctest */;
			productType = "com.apple.product-type.bundle.unit-test";
		};
/* End PBXNativeTarget section */

/* Begin PBXProject section */
		0BED069318F236D600E04A6C /* Project object */ = {
			isa = PBXProject;
			attributes = {
				LastUpgradeCheck = 0510;
				ORGANIZATIONNAME = "Angela Zhang";
				TargetAttributes = {
					0BED06B518F236D600E04A6C = {
						TestTargetID = 0BED069A18F236D600E04A6C;
					};
				};
			};
			buildConfigurationList = 0BED069618F236D600E04A6C /* Build configuration list for PBXProject "Drink Mixer" */;
			compatibilityVersion = "Xcode 3.2";
			developmentRegion = English;
			hasScannedForEncodings = 0;
			knownRegions = (
				en,
			);
			mainGroup = 0BED069218F236D600E04A6C;
			productRefGroup = 0BED069C18F236D600E04A6C /* Products */;
			projectDirPath = "";
			projectRoot = "";
			targets = (
				0BED069A18F236D600E04A6C /* Drink Mixer */,
				0BED06B518F236D600E04A6C /* Drink MixerTests */,
			);
		};
/* End PBXProject section */

/* Begin PBXResourcesBuildPhase section */
		0BED069918F236D600E04A6C /* Resources */ = {
			isa = PBXResourcesBuildPhase;
			buildActionMask = 2147483647;
			files = (
				0B3B54A619189446005B342E /* facebook-login.png in Resources */,
				0B3B54B219189446005B342E /* world.png in Resources */,
				0B3B54BC19189446005B342E /* login.png in Resources */,
				0BED06A918F236D600E04A6C /* InfoPlist.strings in Resources */,
				0B3B54AD19189446005B342E /* navlogo-disabled.png in Resources */,
				0B36E4D5191D834C006D0176 /* makeButton.png in Resources */,
				0B3B54AA19189446005B342E /* cup-disabled.png in Resources */,
				0B3B54A819189446005B342E /* logo.png in Resources */,
				0B3B54A119189446005B342E /* juiceicon.png in Resources */,
				0B3B54A519189446005B342E /* bg.png in Resources */,
				0B3B549219189446005B342E /* juice.png in Resources */,
				0B3B549519189446005B342E /* refreshers.png in Resources */,
				0B3B54B319189446005B342E /* profile.png in Resources */,
				0B3B549B19189446005B342E /* lemonade.png in Resources */,
				0B02FC69191C1B5000125EAF /* addButton.png in Resources */,
				0B3B549D19189446005B342E /* sexonthebeach.png in Resources */,
				0B36E4D3191D80F6006D0176 /* lemonade.jpg in Resources */,
				0B3B54B019189446005B342E /* tinyworld.png in Resources */,
				0B3B54A719189446005B342E /* login-picture.png in Resources */,
				0B3B549A19189446005B342E /* coffeeprotein.png in Resources */,
				0B3B54A919189446005B342E /* twitter-login.png in Resources */,
				0B3B549119189446005B342E /* coffee.png in Resources */,
				0BED06B118F236D600E04A6C /* Images.xcassets in Resources */,
				0B3B54BA19189446005B342E /* categories.png in Resources */,
				0B3B549C19189446005B342E /* seabreeze.png in Resources */,
				0B3B54B619189446005B342E /* addingredient.png in Resources */,
				0B3B54A219189446005B342E /* refreshersicon.png in Resources */,
				0B3B54B819189446005B342E /* sharebutton.png in Resources */,
				0B3B54B119189446005B342E /* world-disabled.png in Resources */,
				0B3B54A019189446005B342E /* coffeeicon.png in Resources */,
				0B3B54B519189446005B342E /* addcamera.png in Resources */,
				0B3B54BD19189446005B342E /* share.png in Resources */,
				0B3B54AF19189446005B342E /* tinycup.png in Resources */,
				0B3B54B719189446005B342E /* line.png in Resources */,
				0B3B54AC19189446005B342E /* navbar.png in Resources */,
				0B3B549719189446005B342E /* sideimages.png in Resources */,
				0B3B54BE19189446005B342E /* tinysearch.png in Resources */,
				0B3B549E19189446005B342E /* bluebutton.png in Resources */,
				0B3B54AB19189446005B342E /* cup.png in Resources */,
				0B3B54A419189446005B342E /* shakesicon.png in Resources */,
				0B3B54B419189446005B342E /* search.png in Resources */,
				0B3B549F19189446005B342E /* home-bg.png in Resources */,
				0B3B54B919189446005B342E /* sidebar.png in Resources */,
				0B3B54BB19189446005B342E /* home.png in Resources */,
				0B3B54AE19189446005B342E /* navlogo.png in Resources */,
				0B3B549619189446005B342E /* shakes.png in Resources */,
			);
			runOnlyForDeploymentPostprocessing = 0;
		};
		0BED06B418F236D600E04A6C /* Resources */ = {
			isa = PBXResourcesBuildPhase;
			buildActionMask = 2147483647;
			files = (
				0BED06C218F236D600E04A6C /* InfoPlist.strings in Resources */,
			);
			runOnlyForDeploymentPostprocessing = 0;
		};
/* End PBXResourcesBuildPhase section */

/* Begin PBXSourcesBuildPhase section */
		0BED069718F236D600E04A6C /* Sources */ = {
			isa = PBXSourcesBuildPhase;
			buildActionMask = 2147483647;
			files = (
				0B3B53EE19188004005B342E /* CategoryViewController.m in Sources */,
				0BED06AF18F236D600E04A6C /* AppDelegate.m in Sources */,
				0BED06AB18F236D600E04A6C /* main.m in Sources */,
				0B36E4D1191D8039006D0176 /* MakeItViewController.m in Sources */,
				0B3B53B419186F2F005B342E /* ListViewController.m in Sources */,
				0B0E09E8190703B20024C55A /* LoginViewController.m in Sources */,
				0B06C45B191600F6009C3D01 /* ShareViewController.m in Sources */,
				0B06C4201915ED58009C3D01 /* HomeViewController.m in Sources */,
			);
			runOnlyForDeploymentPostprocessing = 0;
		};
		0BED06B218F236D600E04A6C /* Sources */ = {
			isa = PBXSourcesBuildPhase;
			buildActionMask = 2147483647;
			files = (
				0BED06C418F236D600E04A6C /* Drink_MixerTests.m in Sources */,
			);
			runOnlyForDeploymentPostprocessing = 0;
		};
/* End PBXSourcesBuildPhase section */

/* Begin PBXTargetDependency section */
		0BED06BC18F236D600E04A6C /* PBXTargetDependency */ = {
			isa = PBXTargetDependency;
			target = 0BED069A18F236D600E04A6C /* Drink Mixer */;
			targetProxy = 0BED06BB18F236D600E04A6C /* PBXContainerItemProxy */;
		};
/* End PBXTargetDependency section */

/* Begin PBXVariantGroup section */
		0BED06A718F236D600E04A6C /* InfoPlist.strings */ = {
			isa = PBXVariantGroup;
			children = (
				0BED06A818F236D600E04A6C /* en */,
			);
			name = InfoPlist.strings;
			sourceTree = "<group>";
		};
		0BED06C018F236D600E04A6C /* InfoPlist.strings */ = {
			isa = PBXVariantGroup;
			children = (
				0BED06C118F236D600E04A6C /* en */,
			);
			name = InfoPlist.strings;
			sourceTree = "<group>";
		};
/* End PBXVariantGroup section */

/* Begin XCBuildConfiguration section */
		0BED06C518F236D600E04A6C /* Debug */ = {
			isa = XCBuildConfiguration;
			buildSettings = {
				ALWAYS_SEARCH_USER_PATHS = NO;
				CLANG_CXX_LANGUAGE_STANDARD = "gnu++0x";
				CLANG_CXX_LIBRARY = "libc++";
				CLANG_ENABLE_MODULES = YES;
				CLANG_ENABLE_OBJC_ARC = YES;
				CLANG_WARN_BOOL_CONVERSION = YES;
				CLANG_WARN_CONSTANT_CONVERSION = YES;
				CLANG_WARN_DIRECT_OBJC_ISA_USAGE = YES_ERROR;
				CLANG_WARN_EMPTY_BODY = YES;
				CLANG_WARN_ENUM_CONVERSION = YES;
				CLANG_WARN_INT_CONVERSION = YES;
				CLANG_WARN_OBJC_ROOT_CLASS = YES_ERROR;
				CLANG_WARN__DUPLICATE_METHOD_MATCH = YES;
				"CODE_SIGN_IDENTITY[sdk=iphoneos*]" = "iPhone Developer";
				COPY_PHASE_STRIP = NO;
				GCC_C_LANGUAGE_STANDARD = gnu99;
				GCC_DYNAMIC_NO_PIC = NO;
				GCC_OPTIMIZATION_LEVEL = 0;
				GCC_PREPROCESSOR_DEFINITIONS = (
					"DEBUG=1",
					"$(inherited)",
				);
				GCC_SYMBOLS_PRIVATE_EXTERN = NO;
				GCC_WARN_64_TO_32_BIT_CONVERSION = YES;
				GCC_WARN_ABOUT_RETURN_TYPE = YES_ERROR;
				GCC_WARN_UNDECLARED_SELECTOR = YES;
				GCC_WARN_UNINITIALIZED_AUTOS = YES_AGGRESSIVE;
				GCC_WARN_UNUSED_FUNCTION = YES;
				GCC_WARN_UNUSED_VARIABLE = YES;
				IPHONEOS_DEPLOYMENT_TARGET = 7.1;
				ONLY_ACTIVE_ARCH = YES;
				SDKROOT = iphoneos;
				TARGETED_DEVICE_FAMILY = "1,2";
			};
			name = Debug;
		};
		0BED06C618F236D600E04A6C /* Release */ = {
			isa = XCBuildConfiguration;
			buildSettings = {
				ALWAYS_SEARCH_USER_PATHS = NO;
				CLANG_CXX_LANGUAGE_STANDARD = "gnu++0x";
				CLANG_CXX_LIBRARY = "libc++";
				CLANG_ENABLE_MODULES = YES;
				CLANG_ENABLE_OBJC_ARC = YES;
				CLANG_WARN_BOOL_CONVERSION = YES;
				CLANG_WARN_CONSTANT_CONVERSION = YES;
				CLANG_WARN_DIRECT_OBJC_ISA_USAGE = YES_ERROR;
				CLANG_WARN_EMPTY_BODY = YES;
				CLANG_WARN_ENUM_CONVERSION = YES;
				CLANG_WARN_INT_CONVERSION = YES;
				CLANG_WARN_OBJC_ROOT_CLASS = YES_ERROR;
				CLANG_WARN__DUPLICATE_METHOD_MATCH = YES;
				"CODE_SIGN_IDENTITY[sdk=iphoneos*]" = "iPhone Developer";
				COPY_PHASE_STRIP = YES;
				ENABLE_NS_ASSERTIONS = NO;
				GCC_C_LANGUAGE_STANDARD = gnu99;
				GCC_WARN_64_TO_32_BIT_CONVERSION = YES;
				GCC_WARN_ABOUT_RETURN_TYPE = YES_ERROR;
				GCC_WARN_UNDECLARED_SELECTOR = YES;
				GCC_WARN_UNINITIALIZED_AUTOS = YES_AGGRESSIVE;
				GCC_WARN_UNUSED_FUNCTION = YES;
				GCC_WARN_UNUSED_VARIABLE = YES;
				IPHONEOS_DEPLOYMENT_TARGET = 7.1;
				SDKROOT = iphoneos;
				TARGETED_DEVICE_FAMILY = "1,2";
				VALIDATE_PRODUCT = YES;
			};
			name = Release;
		};
		0BED06C818F236D600E04A6C /* Debug */ = {
			isa = XCBuildConfiguration;
			buildSettings = {
				ASSETCATALOG_COMPILER_APPICON_NAME = AppIcon;
				ASSETCATALOG_COMPILER_LAUNCHIMAGE_NAME = LaunchImage;
				FRAMEWORK_SEARCH_PATHS = (
					"$(inherited)",
					/Users/Angela/Documents/Development/FacebookSDK,
					/Users/Angela/Documents/Development,
					/Users/Angela/Dropbox/Development,
					/Users/Angela/Dropbox/Development/FacebookSDK,
				);
				GCC_PRECOMPILE_PREFIX_HEADER = YES;
				GCC_PREFIX_HEADER = "Drink Mixer/Drink Mixer-Prefix.pch";
				INFOPLIST_FILE = "Drink Mixer/Drink Mixer-Info.plist";
				IPHONEOS_DEPLOYMENT_TARGET = 7.1;
				OTHER_LDFLAGS = "-ObjC";
				PRODUCT_NAME = "$(TARGET_NAME)";
				WRAPPER_EXTENSION = app;
			};
			name = Debug;
		};
		0BED06C918F236D600E04A6C /* Release */ = {
			isa = XCBuildConfiguration;
			buildSettings = {
				ASSETCATALOG_COMPILER_APPICON_NAME = AppIcon;
				ASSETCATALOG_COMPILER_LAUNCHIMAGE_NAME = LaunchImage;
				FRAMEWORK_SEARCH_PATHS = (
					"$(inherited)",
					/Users/Angela/Documents/Development/FacebookSDK,
					/Users/Angela/Documents/Development,
					/Users/Angela/Dropbox/Development,
					/Users/Angela/Dropbox/Development/FacebookSDK,
				);
				GCC_PRECOMPILE_PREFIX_HEADER = YES;
				GCC_PREFIX_HEADER = "Drink Mixer/Drink Mixer-Prefix.pch";
				INFOPLIST_FILE = "Drink Mixer/Drink Mixer-Info.plist";
				IPHONEOS_DEPLOYMENT_TARGET = 7.1;
				OTHER_LDFLAGS = "-ObjC";
				"OTHER_LDFLAGS[arch=*]" = "";
				PRODUCT_NAME = "$(TARGET_NAME)";
				WRAPPER_EXTENSION = app;
			};
			name = Release;
		};
		0BED06CB18F236D600E04A6C /* Debug */ = {
			isa = XCBuildConfiguration;
			buildSettings = {
				BUNDLE_LOADER = "$(BUILT_PRODUCTS_DIR)/Drink Mixer.app/Drink Mixer";
				FRAMEWORK_SEARCH_PATHS = (
					"$(SDKROOT)/Developer/Library/Frameworks",
					"$(inherited)",
					"$(DEVELOPER_FRAMEWORKS_DIR)",
				);
				GCC_PRECOMPILE_PREFIX_HEADER = YES;
				GCC_PREFIX_HEADER = "Drink Mixer/Drink Mixer-Prefix.pch";
				GCC_PREPROCESSOR_DEFINITIONS = (
					"DEBUG=1",
					"$(inherited)",
				);
				INFOPLIST_FILE = "Drink MixerTests/Drink MixerTests-Info.plist";
				PRODUCT_NAME = "$(TARGET_NAME)";
				TEST_HOST = "$(BUNDLE_LOADER)";
				WRAPPER_EXTENSION = xctest;
			};
			name = Debug;
		};
		0BED06CC18F236D600E04A6C /* Release */ = {
			isa = XCBuildConfiguration;
			buildSettings = {
				BUNDLE_LOADER = "$(BUILT_PRODUCTS_DIR)/Drink Mixer.app/Drink Mixer";
				FRAMEWORK_SEARCH_PATHS = (
					"$(SDKROOT)/Developer/Library/Frameworks",
					"$(inherited)",
					"$(DEVELOPER_FRAMEWORKS_DIR)",
				);
				GCC_PRECOMPILE_PREFIX_HEADER = YES;
				GCC_PREFIX_HEADER = "Drink Mixer/Drink Mixer-Prefix.pch";
				INFOPLIST_FILE = "Drink MixerTests/Drink MixerTests-Info.plist";
				PRODUCT_NAME = "$(TARGET_NAME)";
				TEST_HOST = "$(BUNDLE_LOADER)";
				WRAPPER_EXTENSION = xctest;
			};
			name = Release;
		};
/* End XCBuildConfiguration section */

/* Begin XCConfigurationList section */
		0BED069618F236D600E04A6C /* Build configuration list for PBXProject "Drink Mixer" */ = {
			isa = XCConfigurationList;
			buildConfigurations = (
				0BED06C518F236D600E04A6C /* Debug */,
				0BED06C618F236D600E04A6C /* Release */,
			);
			defaultConfigurationIsVisible = 0;
			defaultConfigurationName = Release;
		};
		0BED06C718F236D600E04A6C /* Build configuration list for PBXNativeTarget "Drink Mixer" */ = {
			isa = XCConfigurationList;
			buildConfigurations = (
				0BED06C818F236D600E04A6C /* Debug */,
				0BED06C918F236D600E04A6C /* Release */,
			);
			defaultConfigurationIsVisible = 0;
			defaultConfigurationName = Release;
		};
		0BED06CA18F236D600E04A6C /* Build configuration list for PBXNativeTarget "Drink MixerTests" */ = {
			isa = XCConfigurationList;
			buildConfigurations = (
				0BED06CB18F236D600E04A6C /* Debug */,
				0BED06CC18F236D600E04A6C /* Release */,
			);
			defaultConfigurationIsVisible = 0;
			defaultConfigurationName = Release;
		};
/* End XCConfigurationList section */
	};
	rootObject = 0BED069318F236D600E04A6C /* Project object */;
}
